// !$*UTF8*$!
{
	archiveVersion = 1;
	classes = {
	};
	objectVersion = 46;
	objects = {

/* Begin PBXBuildFile section */
		7A3275C01F04EC1A00A552BD /* AppDelegate.swift in Sources */ = {isa = PBXBuildFile; fileRef = 7A3275BF1F04EC1A00A552BD /* AppDelegate.swift */; };
		7A3275C21F04EC1A00A552BD /* ViewController.swift in Sources */ = {isa = PBXBuildFile; fileRef = 7A3275C11F04EC1A00A552BD /* ViewController.swift */; };
		7A3275C71F04EC1A00A552BD /* Assets.xcassets in Resources */ = {isa = PBXBuildFile; fileRef = 7A3275C61F04EC1A00A552BD /* Assets.xcassets */; };
		7A3275CA1F04EC1A00A552BD /* LaunchScreen.storyboard in Resources */ = {isa = PBXBuildFile; fileRef = 7A3275C81F04EC1A00A552BD /* LaunchScreen.storyboard */; };
/* End PBXBuildFile section */

/* Begin PBXFileReference section */
		7A3275BC1F04EC1A00A552BD /* RealmTasksLite.app */ = {isa = PBXFileReference; explicitFileType = wrapper.application; includeInIndex = 0; path = RealmTasksLite.app; sourceTree = BUILT_PRODUCTS_DIR; };
		7A3275BF1F04EC1A00A552BD /* AppDelegate.swift */ = {isa = PBXFileReference; lastKnownFileType = sourcecode.swift; path = AppDelegate.swift; sourceTree = "<group>"; };
		7A3275C11F04EC1A00A552BD /* ViewController.swift */ = {isa = PBXFileReference; lastKnownFileType = sourcecode.swift; path = ViewController.swift; sourceTree = "<group>"; };
		7A3275C61F04EC1A00A552BD /* Assets.xcassets */ = {isa = PBXFileReference; lastKnownFileType = folder.assetcatalog; path = Assets.xcassets; sourceTree = "<group>"; };
		7A3275C91F04EC1A00A552BD /* Base */ = {isa = PBXFileReference; lastKnownFileType = file.storyboard; name = Base; path = Base.lproj/LaunchScreen.storyboard; sourceTree = "<group>"; };
		7A3275CB1F04EC1A00A552BD /* Info.plist */ = {isa = PBXFileReference; lastKnownFileType = text.plist.xml; path = Info.plist; sourceTree = "<group>"; };
		7A3275D11F04EE2A00A552BD /* RealmTasksLite.entitlements */ = {isa = PBXFileReference; lastKnownFileType = text.plist.entitlements; path = RealmTasksLite.entitlements; sourceTree = "<group>"; };
/* End PBXFileReference section */

/* Begin PBXFrameworksBuildPhase section */
		7A3275B91F04EC1A00A552BD /* Frameworks */ = {
			isa = PBXFrameworksBuildPhase;
			buildActionMask = 2147483647;
			files = (
			);
			runOnlyForDeploymentPostprocessing = 0;
		};
/* End PBXFrameworksBuildPhase section */

/* Begin PBXGroup section */
		7A3275B31F04EC1A00A552BD = {
			isa = PBXGroup;
			children = (
				7A3275BE1F04EC1A00A552BD /* RealmTasksLite */,
				7A3275BD1F04EC1A00A552BD /* Products */,
			);
			sourceTree = "<group>";
		};
		7A3275BD1F04EC1A00A552BD /* Products */ = {
			isa = PBXGroup;
			children = (
				7A3275BC1F04EC1A00A552BD /* RealmTasksLite.app */,
			);
			name = Products;
			sourceTree = "<group>";
		};
		7A3275BE1F04EC1A00A552BD /* RealmTasksLite */ = {
			isa = PBXGroup;
			children = (
				7A3275D11F04EE2A00A552BD /* RealmTasksLite.entitlements */,
				7A3275BF1F04EC1A00A552BD /* AppDelegate.swift */,
				7A3275C11F04EC1A00A552BD /* ViewController.swift */,
				7A3275C61F04EC1A00A552BD /* Assets.xcassets */,
				7A3275C81F04EC1A00A552BD /* LaunchScreen.storyboard */,
				7A3275CB1F04EC1A00A552BD /* Info.plist */,
			);
			path = RealmTasksLite;
			sourceTree = "<group>";
		};
/* End PBXGroup section */

/* Begin PBXNativeTarget section */
		7A3275BB1F04EC1A00A552BD /* RealmTasksLite */ = {
			isa = PBXNativeTarget;
			buildConfigurationList = 7A3275CE1F04EC1A00A552BD /* Build configuration list for PBXNativeTarget "RealmTasksLite" */;
			buildPhases = (
				7A3275B81F04EC1A00A552BD /* Sources */,
				7A3275B91F04EC1A00A552BD /* Frameworks */,
				7A3275BA1F04EC1A00A552BD /* Resources */,
			);
			buildRules = (
			);
			dependencies = (
			);
			name = RealmTasksLite;
			productName = RealmTasksLite;
			productReference = 7A3275BC1F04EC1A00A552BD /* RealmTasksLite.app */;
			productType = "com.apple.product-type.application";
		};
/* End PBXNativeTarget section */

/* Begin PBXProject section */
		7A3275B41F04EC1A00A552BD /* Project object */ = {
			isa = PBXProject;
			attributes = {
				LastSwiftUpdateCheck = 0830;
				LastUpgradeCheck = 0830;
				ORGANIZATIONNAME = "Naveen Naidu ";
				TargetAttributes = {
					7A3275BB1F04EC1A00A552BD = {
						CreatedOnToolsVersion = 8.3;
						DevelopmentTeam = 8N9GAED943;
						ProvisioningStyle = Automatic;
						SystemCapabilities = {
							com.apple.Keychain = {
								enabled = 1;
							};
						};
					};
				};
			};
			buildConfigurationList = 7A3275B71F04EC1A00A552BD /* Build configuration list for PBXProject "RealmTasksLite" */;
			compatibilityVersion = "Xcode 3.2";
			developmentRegion = English;
			hasScannedForEncodings = 0;
			knownRegions = (
				en,
				Base,
			);
			mainGroup = 7A3275B31F04EC1A00A552BD;
			productRefGroup = 7A3275BD1F04EC1A00A552BD /* Products */;
			projectDirPath = "";
			projectRoot = "";
			targets = (
				7A3275BB1F04EC1A00A552BD /* RealmTasksLite */,
			);
		};
/* End PBXProject section */

/* Begin PBXResourcesBuildPhase section */
		7A3275BA1F04EC1A00A552BD /* Resources */ = {
			isa = PBXResourcesBuildPhase;
			buildActionMask = 2147483647;
			files = (
				7A3275CA1F04EC1A00A552BD /* LaunchScreen.storyboard in Resources */,
				7A3275C71F04EC1A00A552BD /* Assets.xcassets in Resources */,
			);
			runOnlyForDeploymentPostprocessing = 0;
		};
/* End PBXResourcesBuildPhase section */

/* Begin PBXSourcesBuildPhase section */
		7A3275B81F04EC1A00A552BD /* Sources */ = {
			isa = PBXSourcesBuildPhase;
			buildActionMask = 2147483647;
			files = (
				7A3275C21F04EC1A00A552BD /* ViewController.swift in Sources */,
				7A3275C01F04EC1A00A552BD /* AppDelegate.swift in Sources */,
			);
			runOnlyForDeploymentPostprocessing = 0;
		};
/* End PBXSourcesBuildPhase section */

/* Begin PBXVariantGroup section */
		7A3275C81F04EC1A00A552BD /* LaunchScreen.storyboard */ = {
			isa = PBXVariantGroup;
			children = (
				7A3275C91F04EC1A00A552BD /* Base */,
			);
			name = LaunchScreen.storyboard;
			sourceTree = "<group>";
		};
/* End PBXVariantGroup section */

/* Begin XCBuildConfiguration section */
		7A3275CC1F04EC1A00A552BD /* Debug */ = {
			isa = XCBuildConfiguration;
			buildSettings = {
				ALWAYS_SEARCH_USER_PATHS = NO;
				CLANG_ANALYZER_NONNULL = YES;
				CLANG_ANALYZER_NUMBER_OBJECT_CONVERSION = YES_AGGRESSIVE;
				CLANG_CXX_LANGUAGE_STANDARD = "gnu++0x";
				CLANG_CXX_LIBRARY = "libc++";
				CLANG_ENABLE_MODULES = YES;
				CLANG_ENABLE_OBJC_ARC = YES;
				CLANG_WARN_BOOL_CONVERSION = YES;
				CLANG_WARN_CONSTANT_CONVERSION = YES;
				CLANG_WARN_DIRECT_OBJC_ISA_USAGE = YES_ERROR;
				CLANG_WARN_DOCUMENTATION_COMMENTS = YES;
				CLANG_WARN_EMPTY_BODY = YES;
				CLANG_WARN_ENUM_CONVERSION = YES;
				CLANG_WARN_INFINITE_RECURSION = YES;
				CLANG_WARN_INT_CONVERSION = YES;
				CLANG_WARN_OBJC_ROOT_CLASS = YES_ERROR;
				CLANG_WARN_SUSPICIOUS_MOVE = YES;
				CLANG_WARN_UNREACHABLE_CODE = YES;
				CLANG_WARN__DUPLICATE_METHOD_MATCH = YES;
				"CODE_SIGN_IDENTITY[sdk=iphoneos*]" = "iPhone Developer";
				COPY_PHASE_STRIP = NO;
				DEBUG_INFORMATION_FORMAT = dwarf;
				ENABLE_STRICT_OBJC_MSGSEND = YES;
				ENABLE_TESTABILITY = YES;
				GCC_C_LANGUAGE_STANDARD = gnu99;
				GCC_DYNAMIC_NO_PIC = NO;
				GCC_NO_COMMON_BLOCKS = YES;
				GCC_OPTIMIZATION_LEVEL = 0;
				GCC_PREPROCESSOR_DEFINITIONS = (
					"DEBUG=1",
					"$(inherited)",
				);
				GCC_WARN_64_TO_32_BIT_CONVERSION = YES;
				GCC_WARN_ABOUT_RETURN_TYPE = YES_ERROR;
				GCC_WARN_UNDECLARED_SELECTOR = YES;
				GCC_WARN_UNINITIALIZED_AUTOS = YES_AGGRESSIVE;
				GCC_WARN_UNUSED_FUNCTION = YES;
				GCC_WARN_UNUSED_VARIABLE = YES;
				IPHONEOS_DEPLOYMENT_TARGET = 10.3;
				MTL_ENABLE_DEBUG_INFO = YES;
				ONLY_ACTIVE_ARCH = YES;
				SDKROOT = iphoneos;
				SWIFT_ACTIVE_COMPILATION_CONDITIONS = DEBUG;
				SWIFT_OPTIMIZATION_LEVEL = "-Onone";
				TARGETED_DEVICE_FAMILY = "1,2";
			};
			name = Debug;
		};
		7A3275CD1F04EC1A00A552BD /* Release */ = {
			isa = XCBuildConfiguration;
			buildSettings = {
				ALWAYS_SEARCH_USER_PATHS = NO;
				CLANG_ANALYZER_NONNULL = YES;
				CLANG_ANALYZER_NUMBER_OBJECT_CONVERSION = YES_AGGRESSIVE;
				CLANG_CXX_LANGUAGE_STANDARD = "gnu++0x";
				CLANG_CXX_LIBRARY = "libc++";
				CLANG_ENABLE_MODULES = YES;
				CLANG_ENABLE_OBJC_ARC = YES;
				CLANG_WARN_BOOL_CONVERSION = YES;
				CLANG_WARN_CONSTANT_CONVERSION = YES;
				CLANG_WARN_DIRECT_OBJC_ISA_USAGE = YES_ERROR;
				CLANG_WARN_DOCUMENTATION_COMMENTS = YES;
				CLANG_WARN_EMPTY_BODY = YES;
				CLANG_WARN_ENUM_CONVERSION = YES;
				CLANG_WARN_INFINITE_RECURSION = YES;
				CLANG_WARN_INT_CONVERSION = YES;
				CLANG_WARN_OBJC_ROOT_CLASS = YES_ERROR;
				CLANG_WARN_SUSPICIOUS_MOVE = YES;
				CLANG_WARN_UNREACHABLE_CODE = YES;
				CLANG_WARN__DUPLICATE_METHOD_MATCH = YES;
				"CODE_SIGN_IDENTITY[sdk=iphoneos*]" = "iPhone Developer";
				COPY_PHASE_STRIP = NO;
				DEBUG_INFORMATION_FORMAT = "dwarf-with-dsym";
				ENABLE_NS_ASSERTIONS = NO;
				ENABLE_STRICT_OBJC_MSGSEND = YES;
				GCC_C_LANGUAGE_STANDARD = gnu99;
				GCC_NO_COMMON_BLOCKS = YES;
				GCC_WARN_64_TO_32_BIT_CONVERSION = YES;
				GCC_WARN_ABOUT_RETURN_TYPE = YES_ERROR;
				GCC_WARN_UNDECLARED_SELECTOR = YES;
				GCC_WARN_UNINITIALIZED_AUTOS = YES_AGGRESSIVE;
				GCC_WARN_UNUSED_FUNCTION = YES;
				GCC_WARN_UNUSED_VARIABLE = YES;
				IPHONEOS_DEPLOYMENT_TARGET = 10.3;
				MTL_ENABLE_DEBUG_INFO = NO;
				SDKROOT = iphoneos;
				SWIFT_OPTIMIZATION_LEVEL = "-Owholemodule";
				TARGETED_DEVICE_FAMILY = "1,2";
				VALIDATE_PRODUCT = YES;
			};
			name = Release;
		};
		7A3275CF1F04EC1A00A552BD /* Debug */ = {
			isa = XCBuildConfiguration;
			buildSettings = {
				ASSETCATALOG_COMPILER_APPICON_NAME = AppIcon;
				CODE_SIGN_ENTITLEMENTS = RealmTasksLite/RealmTasksLite.entitlements;
				"CODE_SIGN_IDENTITY[sdk=iphoneos*]" = "iPhone Developer";
				DEVELOPMENT_TEAM = 8N9GAED943;
				INFOPLIST_FILE = RealmTasksLite/Info.plist;
				LD_RUNPATH_SEARCH_PATHS = "$(inherited) @executable_path/Frameworks";
				PRODUCT_BUNDLE_IDENTIFIER = com.naveennaidu.RealmTasksLite;
				PRODUCT_NAME = "$(TARGET_NAME)";
				PROVISIONING_PROFILE_SPECIFIER = "";
				SWIFT_VERSION = 3.0;
				TARGETED_DEVICE_FAMILY = 1;
			};
			name = Debug;
		};
		7A3275D01F04EC1A00A552BD /* Release */ = {
			isa = XCBuildConfiguration;
			buildSettings = {
				ASSETCATALOG_COMPILER_APPICON_NAME = AppIcon;
				CODE_SIGN_ENTITLEMENTS = RealmTasksLite/RealmTasksLite.entitlements;
				"CODE_SIGN_IDENTITY[sdk=iphoneos*]" = "iPhone Developer";
				DEVELOPMENT_TEAM = 8N9GAED943;
				INFOPLIST_FILE = RealmTasksLite/Info.plist;
				LD_RUNPATH_SEARCH_PATHS = "$(inherited) @executable_path/Frameworks";
				PRODUCT_BUNDLE_IDENTIFIER = com.naveennaidu.RealmTasksLite;
				PRODUCT_NAME = "$(TARGET_NAME)";
				PROVISIONING_PROFILE_SPECIFIER = "";
				SWIFT_VERSION = 3.0;
				TARGETED_DEVICE_FAMILY = 1;
			};
			name = Release;
		};
/* End XCBuildConfiguration section */

/* Begin XCConfigurationList section */
		7A3275B71F04EC1A00A552BD /* Build configuration list for PBXProject "RealmTasksLite" */ = {
			isa = XCConfigurationList;
			buildConfigurations = (
				7A3275CC1F04EC1A00A552BD /* Debug */,
				7A3275CD1F04EC1A00A552BD /* Release */,
			);
			defaultConfigurationIsVisible = 0;
			defaultConfigurationName = Release;
		};
		7A3275CE1F04EC1A00A552BD /* Build configuration list for PBXNativeTarget "RealmTasksLite" */ = {
			isa = XCConfigurationList;
			buildConfigurations = (
				7A3275CF1F04EC1A00A552BD /* Debug */,
				7A3275D01F04EC1A00A552BD /* Release */,
			);
			defaultConfigurationIsVisible = 0;
		};
/* End XCConfigurationList section */
	};
	rootObject = 7A3275B41F04EC1A00A552BD /* Project object */;
}
